
Microsoft Visual Studio Solution File, Format Version 12.00
# Visual Studio Version 17
VisualStudioVersion = 17.8.34525.116
MinimumVisualStudioVersion = 10.0.40219.1
Project("{FAE04EC0-301F-11D3-BF4B-00C04F79EFBC}") = "Workaround", "Workaround\Workaround.csproj", "{F2E3A9B8-CD2F-446C-BA20-50E37ADDA603}"
EndProject
Project("{FAE04EC0-301F-11D3-BF4B-00C04F79EFBC}") = "Entities", "Entities\Entities.csproj", "{D05BC617-93B2-48B3-B9A0-14CADEE53840}"
EndProject
Project("{FAE04EC0-301F-11D3-BF4B-00C04F79EFBC}") = "Business", "Business\Business.csproj", "{BDAC0CB1-78B2-4B67-BA0C-980980B32FA7}"
EndProject
Global
	GlobalSection(SolutionConfigurationPlatforms) = preSolution
		Debug|Any CPU = Debug|Any CPU
		Release|Any CPU = Release|Any CPU
	EndGlobalSection
	GlobalSection(ProjectConfigurationPlatforms) = postSolution
		{F2E3A9B8-CD2F-446C-BA20-50E37ADDA603}.Debug|Any CPU.ActiveCfg = Debug|Any CPU
		{F2E3A9B8-CD2F-446C-BA20-50E37ADDA603}.Debug|Any CPU.Build.0 = Debug|Any CPU
		{F2E3A9B8-CD2F-446C-BA20-50E37ADDA603}.Release|Any CPU.ActiveCfg = Release|Any CPU
		{F2E3A9B8-CD2F-446C-BA20-50E37ADDA603}.Release|Any CPU.Build.0 = Release|Any CPU
		{D05BC617-93B2-48B3-B9A0-14CADEE53840}.Debug|Any CPU.ActiveCfg = Debug|Any CPU
		{D05BC617-93B2-48B3-B9A0-14CADEE53840}.Debug|Any CPU.Build.0 = Debug|Any CPU
		{D05BC617-93B2-48B3-B9A0-14CADEE53840}.Release|Any CPU.ActiveCfg = Release|Any CPU
		{D05BC617-93B2-48B3-B9A0-14CADEE53840}.Release|Any CPU.Build.0 = Release|Any CPU
		{BDAC0CB1-78B2-4B67-BA0C-980980B32FA7}.Debug|Any CPU.ActiveCfg = Debug|Any CPU
		{BDAC0CB1-78B2-4B67-BA0C-980980B32FA7}.Debug|Any CPU.Build.0 = Debug|Any CPU
		{BDAC0CB1-78B2-4B67-BA0C-980980B32FA7}.Release|Any CPU.ActiveCfg = Release|Any CPU
		{BDAC0CB1-78B2-4B67-BA0C-980980B32FA7}.Release|Any CPU.Build.0 = Release|Any CPU
	EndGlobalSection
	GlobalSection(SolutionProperties) = preSolution
		HideSolutionNode = FALSE
	EndGlobalSection
	GlobalSection(ExtensibilityGlobals) = postSolution
		SolutionGuid = {21AB9EFE-71C4-47D9-946A-AE3A73C2D6D6}
	EndGlobalSection
EndGlobal
